// !$*UTF8*$!
{
	archiveVersion = 1;
	classes = {
	};
	objectVersion = 46;
	objects = {

/* Begin PBXBuildFile section */
		2FDAB76E1D63FE590072837B /* main.m in Sources */ = {isa = PBXBuildFile; fileRef = 2FDAB76D1D63FE590072837B /* main.m */; };
		2FDAB7711D63FE590072837B /* AppDelegate.m in Sources */ = {isa = PBXBuildFile; fileRef = 2FDAB7701D63FE590072837B /* AppDelegate.m */; };
		2FDAB7741D63FE590072837B /* ViewController.m in Sources */ = {isa = PBXBuildFile; fileRef = 2FDAB7731D63FE590072837B /* ViewController.m */; };
		2FDAB7791D63FE5A0072837B /* Assets.xcassets in Resources */ = {isa = PBXBuildFile; fileRef = 2FDAB7781D63FE5A0072837B /* Assets.xcassets */; };
		2FDAB77C1D63FE5A0072837B /* LaunchScreen.storyboard in Resources */ = {isa = PBXBuildFile; fileRef = 2FDAB77A1D63FE5A0072837B /* LaunchScreen.storyboard */; };
		2FDAB7871D63FE5A0072837B /* lineTests.m in Sources */ = {isa = PBXBuildFile; fileRef = 2FDAB7861D63FE5A0072837B /* lineTests.m */; };
		2FDAB7921D63FE5A0072837B /* lineUITests.m in Sources */ = {isa = PBXBuildFile; fileRef = 2FDAB7911D63FE5A0072837B /* lineUITests.m */; };
		2FDAB7A11D63FF3C0072837B /* LineView.m in Sources */ = {isa = PBXBuildFile; fileRef = 2FDAB7A01D63FF3C0072837B /* LineView.m */; };
/* End PBXBuildFile section */

/* Begin PBXContainerItemProxy section */
		2FDAB7831D63FE5A0072837B /* PBXContainerItemProxy */ = {
			isa = PBXContainerItemProxy;
			containerPortal = 2FDAB7611D63FE590072837B /* Project object */;
			proxyType = 1;
			remoteGlobalIDString = 2FDAB7681D63FE590072837B;
			remoteInfo = line;
		};
		2FDAB78E1D63FE5A0072837B /* PBXContainerItemProxy */ = {
			isa = PBXContainerItemProxy;
			containerPortal = 2FDAB7611D63FE590072837B /* Project object */;
			proxyType = 1;
			remoteGlobalIDString = 2FDAB7681D63FE590072837B;
			remoteInfo = line;
		};
/* End PBXContainerItemProxy section */

/* Begin PBXFileReference section */
		2FDAB7691D63FE590072837B /* line.app */ = {isa = PBXFileReference; explicitFileType = wrapper.application; includeInIndex = 0; path = line.app; sourceTree = BUILT_PRODUCTS_DIR; };
		2FDAB76D1D63FE590072837B /* main.m */ = {isa = PBXFileReference; lastKnownFileType = sourcecode.c.objc; path = main.m; sourceTree = "<group>"; };
		2FDAB76F1D63FE590072837B /* AppDelegate.h */ = {isa = PBXFileReference; lastKnownFileType = sourcecode.c.h; path = AppDelegate.h; sourceTree = "<group>"; };
		2FDAB7701D63FE590072837B /* AppDelegate.m */ = {isa = PBXFileReference; lastKnownFileType = sourcecode.c.objc; path = AppDelegate.m; sourceTree = "<group>"; };
		2FDAB7721D63FE590072837B /* ViewController.h */ = {isa = PBXFileReference; lastKnownFileType = sourcecode.c.h; path = ViewController.h; sourceTree = "<group>"; };
		2FDAB7731D63FE590072837B /* ViewController.m */ = {isa = PBXFileReference; lastKnownFileType = sourcecode.c.objc; path = ViewController.m; sourceTree = "<group>"; };
		2FDAB7781D63FE5A0072837B /* Assets.xcassets */ = {isa = PBXFileReference; lastKnownFileType = folder.assetcatalog; path = Assets.xcassets; sourceTree = "<group>"; };
		2FDAB77B1D63FE5A0072837B /* Base */ = {isa = PBXFileReference; lastKnownFileType = file.storyboard; name = Base; path = Base.lproj/LaunchScreen.storyboard; sourceTree = "<group>"; };
		2FDAB77D1D63FE5A0072837B /* Info.plist */ = {isa = PBXFileReference; lastKnownFileType = text.plist.xml; path = Info.plist; sourceTree = "<group>"; };
		2FDAB7821D63FE5A0072837B /* lineTests.xctest */ = {isa = PBXFileReference; explicitFileType = wrapper.cfbundle; includeInIndex = 0; path = lineTests.xctest; sourceTree = BUILT_PRODUCTS_DIR; };
		2FDAB7861D63FE5A0072837B /* lineTests.m */ = {isa = PBXFileReference; lastKnownFileType = sourcecode.c.objc; path = lineTests.m; sourceTree = "<group>"; };
		2FDAB7881D63FE5A0072837B /* Info.plist */ = {isa = PBXFileReference; lastKnownFileType = text.plist.xml; path = Info.plist; sourceTree = "<group>"; };
		2FDAB78D1D63FE5A0072837B /* lineUITests.xctest */ = {isa = PBXFileReference; explicitFileType = wrapper.cfbundle; includeInIndex = 0; path = lineUITests.xctest; sourceTree = BUILT_PRODUCTS_DIR; };
		2FDAB7911D63FE5A0072837B /* lineUITests.m */ = {isa = PBXFileReference; lastKnownFileType = sourcecode.c.objc; path = lineUITests.m; sourceTree = "<group>"; };
		2FDAB7931D63FE5A0072837B /* Info.plist */ = {isa = PBXFileReference; lastKnownFileType = text.plist.xml; path = Info.plist; sourceTree = "<group>"; };
		2FDAB79F1D63FF3C0072837B /* LineView.h */ = {isa = PBXFileReference; fileEncoding = 4; lastKnownFileType = sourcecode.c.h; path = LineView.h; sourceTree = "<group>"; };
		2FDAB7A01D63FF3C0072837B /* LineView.m */ = {isa = PBXFileReference; fileEncoding = 4; lastKnownFileType = sourcecode.c.objc; path = LineView.m; sourceTree = "<group>"; };
/* End PBXFileReference section */

/* Begin PBXFrameworksBuildPhase section */
		2FDAB7661D63FE590072837B /* Frameworks */ = {
			isa = PBXFrameworksBuildPhase;
			buildActionMask = 2147483647;
			files = (
			);
			runOnlyForDeploymentPostprocessing = 0;
		};
		2FDAB77F1D63FE5A0072837B /* Frameworks */ = {
			isa = PBXFrameworksBuildPhase;
			buildActionMask = 2147483647;
			files = (
			);
			runOnlyForDeploymentPostprocessing = 0;
		};
		2FDAB78A1D63FE5A0072837B /* Frameworks */ = {
			isa = PBXFrameworksBuildPhase;
			buildActionMask = 2147483647;
			files = (
			);
			runOnlyForDeploymentPostprocessing = 0;
		};
/* End PBXFrameworksBuildPhase section */

/* Begin PBXGroup section */
		2FDAB7601D63FE590072837B = {
			isa = PBXGroup;
			children = (
				2FDAB76B1D63FE590072837B /* line */,
				2FDAB7851D63FE5A0072837B /* lineTests */,
				2FDAB7901D63FE5A0072837B /* lineUITests */,
				2FDAB76A1D63FE590072837B /* Products */,
			);
			sourceTree = "<group>";
		};
		2FDAB76A1D63FE590072837B /* Products */ = {
			isa = PBXGroup;
			children = (
				2FDAB7691D63FE590072837B /* line.app */,
				2FDAB7821D63FE5A0072837B /* lineTests.xctest */,
				2FDAB78D1D63FE5A0072837B /* lineUITests.xctest */,
			);
			name = Products;
			sourceTree = "<group>";
		};
		2FDAB76B1D63FE590072837B /* line */ = {
			isa = PBXGroup;
			children = (
				2FDAB76F1D63FE590072837B /* AppDelegate.h */,
				2FDAB7701D63FE590072837B /* AppDelegate.m */,
				2FDAB7721D63FE590072837B /* ViewController.h */,
				2FDAB7731D63FE590072837B /* ViewController.m */,
				2FDAB79F1D63FF3C0072837B /* LineView.h */,
				2FDAB7A01D63FF3C0072837B /* LineView.m */,
				2FDAB7781D63FE5A0072837B /* Assets.xcassets */,
				2FDAB77A1D63FE5A0072837B /* LaunchScreen.storyboard */,
				2FDAB77D1D63FE5A0072837B /* Info.plist */,
				2FDAB76C1D63FE590072837B /* Supporting Files */,
			);
			path = line;
			sourceTree = "<group>";
		};
		2FDAB76C1D63FE590072837B /* Supporting Files */ = {
			isa = PBXGroup;
			children = (
				2FDAB76D1D63FE590072837B /* main.m */,
			);
			name = "Supporting Files";
			sourceTree = "<group>";
		};
		2FDAB7851D63FE5A0072837B /* lineTests */ = {
			isa = PBXGroup;
			children = (
				2FDAB7861D63FE5A0072837B /* lineTests.m */,
				2FDAB7881D63FE5A0072837B /* Info.plist */,
			);
			path = lineTests;
			sourceTree = "<group>";
		};
		2FDAB7901D63FE5A0072837B /* lineUITests */ = {
			isa = PBXGroup;
			children = (
				2FDAB7911D63FE5A0072837B /* lineUITests.m */,
				2FDAB7931D63FE5A0072837B /* Info.plist */,
			);
			path = lineUITests;
			sourceTree = "<group>";
		};
/* End PBXGroup section */

/* Begin PBXNativeTarget section */
		2FDAB7681D63FE590072837B /* line */ = {
			isa = PBXNativeTarget;
			buildConfigurationList = 2FDAB7961D63FE5A0072837B /* Build configuration list for PBXNativeTarget "line" */;
			buildPhases = (
				2FDAB7651D63FE590072837B /* Sources */,
				2FDAB7661D63FE590072837B /* Frameworks */,
				2FDAB7671D63FE590072837B /* Resources */,
			);
			buildRules = (
			);
			dependencies = (
			);
			name = line;
			productName = line;
			productReference = 2FDAB7691D63FE590072837B /* line.app */;
			productType = "com.apple.product-type.application";
		};
		2FDAB7811D63FE5A0072837B /* lineTests */ = {
			isa = PBXNativeTarget;
			buildConfigurationList = 2FDAB7991D63FE5A0072837B /* Build configuration list for PBXNativeTarget "lineTests" */;
			buildPhases = (
				2FDAB77E1D63FE5A0072837B /* Sources */,
				2FDAB77F1D63FE5A0072837B /* Frameworks */,
				2FDAB7801D63FE5A0072837B /* Resources */,
			);
			buildRules = (
			);
			dependencies = (
				2FDAB7841D63FE5A0072837B /* PBXTargetDependency */,
			);
			name = lineTests;
			productName = lineTests;
			productReference = 2FDAB7821D63FE5A0072837B /* lineTests.xctest */;
			productType = "com.apple.product-type.bundle.unit-test";
		};
		2FDAB78C1D63FE5A0072837B /* lineUITests */ = {
			isa = PBXNativeTarget;
			buildConfigurationList = 2FDAB79C1D63FE5A0072837B /* Build configuration list for PBXNativeTarget "lineUITests" */;
			buildPhases = (
				2FDAB7891D63FE5A0072837B /* Sources */,
				2FDAB78A1D63FE5A0072837B /* Frameworks */,
				2FDAB78B1D63FE5A0072837B /* Resources */,
			);
			buildRules = (
			);
			dependencies = (
				2FDAB78F1D63FE5A0072837B /* PBXTargetDependency */,
			);
			name = lineUITests;
			productName = lineUITests;
			productReference = 2FDAB78D1D63FE5A0072837B /* lineUITests.xctest */;
			productType = "com.apple.product-type.bundle.ui-testing";
		};
/* End PBXNativeTarget section */

/* Begin PBXProject section */
		2FDAB7611D63FE590072837B /* Project object */ = {
			isa = PBXProject;
			attributes = {
				LastUpgradeCheck = 0730;
				ORGANIZATIONNAME = Paul.Chen;
				TargetAttributes = {
					2FDAB7681D63FE590072837B = {
						CreatedOnToolsVersion = 7.3.1;
					};
					2FDAB7811D63FE5A0072837B = {
						CreatedOnToolsVersion = 7.3.1;
						TestTargetID = 2FDAB7681D63FE590072837B;
					};
					2FDAB78C1D63FE5A0072837B = {
						CreatedOnToolsVersion = 7.3.1;
						TestTargetID = 2FDAB7681D63FE590072837B;
					};
				};
			};
			buildConfigurationList = 2FDAB7641D63FE590072837B /* Build configuration list for PBXProject "line" */;
			compatibilityVersion = "Xcode 3.2";
			developmentRegion = English;
			hasScannedForEncodings = 0;
			knownRegions = (
				en,
				Base,
			);
			mainGroup = 2FDAB7601D63FE590072837B;
			productRefGroup = 2FDAB76A1D63FE590072837B /* Products */;
			projectDirPath = "";
			projectRoot = "";
			targets = (
				2FDAB7681D63FE590072837B /* line */,
				2FDAB7811D63FE5A0072837B /* lineTests */,
				2FDAB78C1D63FE5A0072837B /* lineUITests */,
			);
		};
/* End PBXProject section */

/* Begin PBXResourcesBuildPhase section */
		2FDAB7671D63FE590072837B /* Resources */ = {
			isa = PBXResourcesBuildPhase;
			buildActionMask = 2147483647;
			files = (
				2FDAB77C1D63FE5A0072837B /* LaunchScreen.storyboard in Resources */,
				2FDAB7791D63FE5A0072837B /* Assets.xcassets in Resources */,
			);
			runOnlyForDeploymentPostprocessing = 0;
		};
		2FDAB7801D63FE5A0072837B /* Resources */ = {
			isa = PBXResourcesBuildPhase;
			buildActionMask = 2147483647;
			files = (
			);
			runOnlyForDeploymentPostprocessing = 0;
		};
		2FDAB78B1D63FE5A0072837B /* Resources */ = {
			isa = PBXResourcesBuildPhase;
			buildActionMask = 2147483647;
			files = (
			);
			runOnlyForDeploymentPostprocessing = 0;
		};
/* End PBXResourcesBuildPhase section */

/* Begin PBXSourcesBuildPhase section */
		2FDAB7651D63FE590072837B /* Sources */ = {
			isa = PBXSourcesBuildPhase;
			buildActionMask = 2147483647;
			files = (
				2FDAB7741D63FE590072837B /* ViewController.m in Sources */,
				2FDAB7711D63FE590072837B /* AppDelegate.m in Sources */,
				2FDAB76E1D63FE590072837B /* main.m in Sources */,
				2FDAB7A11D63FF3C0072837B /* LineView.m in Sources */,
			);
			runOnlyForDeploymentPostprocessing = 0;
		};
		2FDAB77E1D63FE5A0072837B /* Sources */ = {
			isa = PBXSourcesBuildPhase;
			buildActionMask = 2147483647;
			files = (
				2FDAB7871D63FE5A0072837B /* lineTests.m in Sources */,
			);
			runOnlyForDeploymentPostprocessing = 0;
		};
		2FDAB7891D63FE5A0072837B /* Sources */ = {
			isa = PBXSourcesBuildPhase;
			buildActionMask = 2147483647;
			files = (
				2FDAB7921D63FE5A0072837B /* lineUITests.m in Sources */,
			);
			runOnlyForDeploymentPostprocessing = 0;
		};
/* End PBXSourcesBuildPhase section */

/* Begin PBXTargetDependency section */
		2FDAB7841D63FE5A0072837B /* PBXTargetDependency */ = {
			isa = PBXTargetDependency;
			target = 2FDAB7681D63FE590072837B /* line */;
			targetProxy = 2FDAB7831D63FE5A0072837B /* PBXContainerItemProxy */;
		};
		2FDAB78F1D63FE5A0072837B /* PBXTargetDependency */ = {
			isa = PBXTargetDependency;
			target = 2FDAB7681D63FE590072837B /* line */;
			targetProxy = 2FDAB78E1D63FE5A0072837B /* PBXContainerItemProxy */;
		};
/* End PBXTargetDependency section */

/* Begin PBXVariantGroup section */
		2FDAB77A1D63FE5A0072837B /* LaunchScreen.storyboard */ = {
			isa = PBXVariantGroup;
			children = (
				2FDAB77B1D63FE5A0072837B /* Base */,
			);
			name = LaunchScreen.storyboard;
			sourceTree = "<group>";
		};
/* End PBXVariantGroup section */

/* Begin XCBuildConfiguration section */
		2FDAB7941D63FE5A0072837B /* Debug */ = {
			isa = XCBuildConfiguration;
			buildSettings = {
				ALWAYS_SEARCH_USER_PATHS = NO;
				CLANG_ANALYZER_NONNULL = YES;
				CLANG_CXX_LANGUAGE_STANDARD = "gnu++0x";
				CLANG_CXX_LIBRARY = "libc++";
				CLANG_ENABLE_MODULES = YES;
				CLANG_ENABLE_OBJC_ARC = YES;
				CLANG_WARN_BOOL_CONVERSION = YES;
				CLANG_WARN_CONSTANT_CONVERSION = YES;
				CLANG_WARN_DIRECT_OBJC_ISA_USAGE = YES_ERROR;
				CLANG_WARN_EMPTY_BODY = YES;
				CLANG_WARN_ENUM_CONVERSION = YES;
				CLANG_WARN_INT_CONVERSION = YES;
				CLANG_WARN_OBJC_ROOT_CLASS = YES_ERROR;
				CLANG_WARN_UNREACHABLE_CODE = YES;
				CLANG_WARN__DUPLICATE_METHOD_MATCH = YES;
				"CODE_SIGN_IDENTITY[sdk=iphoneos*]" = "iPhone Developer";
				COPY_PHASE_STRIP = NO;
				DEBUG_INFORMATION_FORMAT = dwarf;
				ENABLE_STRICT_OBJC_MSGSEND = YES;
				ENABLE_TESTABILITY = YES;
				GCC_C_LANGUAGE_STANDARD = gnu99;
				GCC_DYNAMIC_NO_PIC = NO;
				GCC_NO_COMMON_BLOCKS = YES;
				GCC_OPTIMIZATION_LEVEL = 0;
				GCC_PREPROCESSOR_DEFINITIONS = (
					"DEBUG=1",
					"$(inherited)",
				);
				GCC_WARN_64_TO_32_BIT_CONVERSION = YES;
				GCC_WARN_ABOUT_RETURN_TYPE = YES_ERROR;
				GCC_WARN_UNDECLARED_SELECTOR = YES;
				GCC_WARN_UNINITIALIZED_AUTOS = YES_AGGRESSIVE;
				GCC_WARN_UNUSED_FUNCTION = YES;
				GCC_WARN_UNUSED_VARIABLE = YES;
				IPHONEOS_DEPLOYMENT_TARGET = 9.0;
				MTL_ENABLE_DEBUG_INFO = YES;
				ONLY_ACTIVE_ARCH = YES;
				SDKROOT = iphoneos;
			};
			name = Debug;
		};
		2FDAB7951D63FE5A0072837B /* Release */ = {
			isa = XCBuildConfiguration;
			buildSettings = {
				ALWAYS_SEARCH_USER_PATHS = NO;
				CLANG_ANALYZER_NONNULL = YES;
				CLANG_CXX_LANGUAGE_STANDARD = "gnu++0x";
				CLANG_CXX_LIBRARY = "libc++";
				CLANG_ENABLE_MODULES = YES;
				CLANG_ENABLE_OBJC_ARC = YES;
				CLANG_WARN_BOOL_CONVERSION = YES;
				CLANG_WARN_CONSTANT_CONVERSION = YES;
				CLANG_WARN_DIRECT_OBJC_ISA_USAGE = YES_ERROR;
				CLANG_WARN_EMPTY_BODY = YES;
				CLANG_WARN_ENUM_CONVERSION = YES;
				CLANG_WARN_INT_CONVERSION = YES;
				CLANG_WARN_OBJC_ROOT_CLASS = YES_ERROR;
				CLANG_WARN_UNREACHABLE_CODE = YES;
				CLANG_WARN__DUPLICATE_METHOD_MATCH = YES;
				"CODE_SIGN_IDENTITY[sdk=iphoneos*]" = "iPhone Developer";
				COPY_PHASE_STRIP = NO;
				DEBUG_INFORMATION_FORMAT = "dwarf-with-dsym";
				ENABLE_NS_ASSERTIONS = NO;
				ENABLE_STRICT_OBJC_MSGSEND = YES;
				GCC_C_LANGUAGE_STANDARD = gnu99;
				GCC_NO_COMMON_BLOCKS = YES;
				GCC_WARN_64_TO_32_BIT_CONVERSION = YES;
				GCC_WARN_ABOUT_RETURN_TYPE = YES_ERROR;
				GCC_WARN_UNDECLARED_SELECTOR = YES;
				GCC_WARN_UNINITIALIZED_AUTOS = YES_AGGRESSIVE;
				GCC_WARN_UNUSED_FUNCTION = YES;
				GCC_WARN_UNUSED_VARIABLE = YES;
				IPHONEOS_DEPLOYMENT_TARGET = 9.0;
				MTL_ENABLE_DEBUG_INFO = NO;
				SDKROOT = iphoneos;
				VALIDATE_PRODUCT = YES;
			};
			name = Release;
		};
		2FDAB7971D63FE5A0072837B /* Debug */ = {
			isa = XCBuildConfiguration;
			buildSettings = {
				ASSETCATALOG_COMPILER_APPICON_NAME = AppIcon;
				INFOPLIST_FILE = line/Info.plist;
				LD_RUNPATH_SEARCH_PATHS = "$(inherited) @executable_path/Frameworks";
				PRODUCT_BUNDLE_IDENTIFIER = Paul.Chen.line;
				PRODUCT_NAME = "$(TARGET_NAME)";
			};
			name = Debug;
		};
		2FDAB7981D63FE5A0072837B /* Release */ = {
			isa = XCBuildConfiguration;
			buildSettings = {
				ASSETCATALOG_COMPILER_APPICON_NAME = AppIcon;
				INFOPLIST_FILE = line/Info.plist;
				LD_RUNPATH_SEARCH_PATHS = "$(inherited) @executable_path/Frameworks";
				PRODUCT_BUNDLE_IDENTIFIER = Paul.Chen.line;
				PRODUCT_NAME = "$(TARGET_NAME)";
			};
			name = Release;
		};
		2FDAB79A1D63FE5A0072837B /* Debug */ = {
			isa = XCBuildConfiguration;
			buildSettings = {
				BUNDLE_LOADER = "$(TEST_HOST)";
				INFOPLIST_FILE = lineTests/Info.plist;
				LD_RUNPATH_SEARCH_PATHS = "$(inherited) @executable_path/Frameworks @loader_path/Frameworks";
				PRODUCT_BUNDLE_IDENTIFIER = Paul.Chen.lineTests;
				PRODUCT_NAME = "$(TARGET_NAME)";
				TEST_HOST = "$(BUILT_PRODUCTS_DIR)/line.app/line";
			};
			name = Debug;
		};
		2FDAB79B1D63FE5A0072837B /* Release */ = {
			isa = XCBuildConfiguration;
			buildSettings = {
				BUNDLE_LOADER = "$(TEST_HOST)";
				INFOPLIST_FILE = lineTests/Info.plist;
				LD_RUNPATH_SEARCH_PATHS = "$(inherited) @executable_path/Frameworks @loader_path/Frameworks";
				PRODUCT_BUNDLE_IDENTIFIER = Paul.Chen.lineTests;
				PRODUCT_NAME = "$(TARGET_NAME)";
				TEST_HOST = "$(BUILT_PRODUCTS_DIR)/line.app/line";
			};
			name = Release;
		};
		2FDAB79D1D63FE5A0072837B /* Debug */ = {
			isa = XCBuildConfiguration;
			buildSettings = {
				INFOPLIST_FILE = lineUITests/Info.plist;
				LD_RUNPATH_SEARCH_PATHS = "$(inherited) @executable_path/Frameworks @loader_path/Frameworks";
				PRODUCT_BUNDLE_IDENTIFIER = Paul.Chen.lineUITests;
				PRODUCT_NAME = "$(TARGET_NAME)";
				TEST_TARGET_NAME = line;
			};
			name = Debug;
		};
		2FDAB79E1D63FE5A0072837B /* Release */ = {
			isa = XCBuildConfiguration;
			buildSettings = {
				INFOPLIST_FILE = lineUITests/Info.plist;
				LD_RUNPATH_SEARCH_PATHS = "$(inherited) @executable_path/Frameworks @loader_path/Frameworks";
				PRODUCT_BUNDLE_IDENTIFIER = Paul.Chen.lineUITests;
				PRODUCT_NAME = "$(TARGET_NAME)";
				TEST_TARGET_NAME = line;
			};
			name = Release;
		};
/* End XCBuildConfiguration section */

/* Begin XCConfigurationList section */
		2FDAB7641D63FE590072837B /* Build configuration list for PBXProject "line" */ = {
			isa = XCConfigurationList;
			buildConfigurations = (
				2FDAB7941D63FE5A0072837B /* Debug */,
				2FDAB7951D63FE5A0072837B /* Release */,
			);
			defaultConfigurationIsVisible = 0;
			defaultConfigurationName = Release;
		};
		2FDAB7961D63FE5A0072837B /* Build configuration list for PBXNativeTarget "line" */ = {
			isa = XCConfigurationList;
			buildConfigurations = (
				2FDAB7971D63FE5A0072837B /* Debug */,
				2FDAB7981D63FE5A0072837B /* Release */,
			);
			defaultConfigurationIsVisible = 0;
			defaultConfigurationName = Release;
		};
		2FDAB7991D63FE5A0072837B /* Build configuration list for PBXNativeTarget "lineTests" */ = {
			isa = XCConfigurationList;
			buildConfigurations = (
				2FDAB79A1D63FE5A0072837B /* Debug */,
				2FDAB79B1D63FE5A0072837B /* Release */,
			);
			defaultConfigurationIsVisible = 0;
			defaultConfigurationName = Release;
		};
		2FDAB79C1D63FE5A0072837B /* Build configuration list for PBXNativeTarget "lineUITests" */ = {
			isa = XCConfigurationList;
			buildConfigurations = (
				2FDAB79D1D63FE5A0072837B /* Debug */,
				2FDAB79E1D63FE5A0072837B /* Release */,
			);
			defaultConfigurationIsVisible = 0;
			defaultConfigurationName = Release;
		};
/* End XCConfigurationList section */
	};
	rootObject = 2FDAB7611D63FE590072837B /* Project object */;
}
